
Microsoft Visual Studio Solution File, Format Version 12.00
# Visual Studio Version 17
VisualStudioVersion = 17.13.35931.197
MinimumVisualStudioVersion = 10.0.40219.1
Project("{FAE04EC0-301F-11D3-BF4B-00C04F79EFBC}") = "Programming", "Programming.csproj", "{0ED3338F-36DD-4051-A716-F0DE93109005}"
EndProject
Project("{FAE04EC0-301F-11D3-BF4B-00C04F79EFBC}") = "ListOfStudents", "..\ListOfStudents\ListOfStudents.csproj", "{121988CE-B997-45FD-A8E4-83B5F7E3DEA9}"
EndProject
Project("{FAE04EC0-301F-11D3-BF4B-00C04F79EFBC}") = "ObjectOrientedPractics", "..\ObjectOrientedPractics\ObjectOrientedPractics.csproj", "{B7A90AE9-BEFD-4EA9-8FA3-D3FE5CBE4D4B}"
EndProject
Global
	GlobalSection(SolutionConfigurationPlatforms) = preSolution
		Debug|Any CPU = Debug|Any CPU
		Release|Any CPU = Release|Any CPU
	EndGlobalSection
	GlobalSection(ProjectConfigurationPlatforms) = postSolution
		{0ED3338F-36DD-4051-A716-F0DE93109005}.Debug|Any CPU.ActiveCfg = Debug|Any CPU
		{0ED3338F-36DD-4051-A716-F0DE93109005}.Debug|Any CPU.Build.0 = Debug|Any CPU
		{0ED3338F-36DD-4051-A716-F0DE93109005}.Release|Any CPU.ActiveCfg = Release|Any CPU
		{0ED3338F-36DD-4051-A716-F0DE93109005}.Release|Any CPU.Build.0 = Release|Any CPU
		{121988CE-B997-45FD-A8E4-83B5F7E3DEA9}.Debug|Any CPU.ActiveCfg = Debug|Any CPU
		{121988CE-B997-45FD-A8E4-83B5F7E3DEA9}.Debug|Any CPU.Build.0 = Debug|Any CPU
		{121988CE-B997-45FD-A8E4-83B5F7E3DEA9}.Release|Any CPU.ActiveCfg = Release|Any CPU
		{121988CE-B997-45FD-A8E4-83B5F7E3DEA9}.Release|Any CPU.Build.0 = Release|Any CPU
		{B7A90AE9-BEFD-4EA9-8FA3-D3FE5CBE4D4B}.Debug|Any CPU.ActiveCfg = Debug|Any CPU
		{B7A90AE9-BEFD-4EA9-8FA3-D3FE5CBE4D4B}.Debug|Any CPU.Build.0 = Debug|Any CPU
		{B7A90AE9-BEFD-4EA9-8FA3-D3FE5CBE4D4B}.Release|Any CPU.ActiveCfg = Release|Any CPU
		{B7A90AE9-BEFD-4EA9-8FA3-D3FE5CBE4D4B}.Release|Any CPU.Build.0 = Release|Any CPU
	EndGlobalSection
	GlobalSection(SolutionProperties) = preSolution
		HideSolutionNode = FALSE
	EndGlobalSection
	GlobalSection(ExtensibilityGlobals) = postSolution
		SolutionGuid = {A9FAC24E-6CE9-4AE4-92EC-FD6C5E2C10BC}
	EndGlobalSection
EndGlobal
